// !$*UTF8*$!
{
	archiveVersion = 1;
	classes = {
	};
	objectVersion = 55;
	objects = {

/* Begin PBXBuildFile section */
		360AD6F828DCE8DA006D1A33 /* CircularButton.swift in Sources */ = {isa = PBXBuildFile; fileRef = 360AD6F728DCE8DA006D1A33 /* CircularButton.swift */; };
		360AD6FB28DCEB5C006D1A33 /* LocationManager.swift in Sources */ = {isa = PBXBuildFile; fileRef = 360AD6FA28DCEB5C006D1A33 /* LocationManager.swift */; };
		360AD6FD28DE46D8006D1A33 /* CurrentRunViewController.swift in Sources */ = {isa = PBXBuildFile; fileRef = 360AD6FC28DE46D8006D1A33 /* CurrentRunViewController.swift */; };
		3620E2FC28DB7E9E009F227B /* AppDelegate.swift in Sources */ = {isa = PBXBuildFile; fileRef = 3620E2FB28DB7E9E009F227B /* AppDelegate.swift */; };
		3620E2FE28DB7E9E009F227B /* SceneDelegate.swift in Sources */ = {isa = PBXBuildFile; fileRef = 3620E2FD28DB7E9E009F227B /* SceneDelegate.swift */; };
		3620E30528DB7EA0009F227B /* Assets.xcassets in Resources */ = {isa = PBXBuildFile; fileRef = 3620E30428DB7EA0009F227B /* Assets.xcassets */; };
		3620E30828DB7EA0009F227B /* LaunchScreen.storyboard in Resources */ = {isa = PBXBuildFile; fileRef = 3620E30628DB7EA0009F227B /* LaunchScreen.storyboard */; };
		3620E31428DB80C9009F227B /* BaseViewController.swift in Sources */ = {isa = PBXBuildFile; fileRef = 3620E31328DB80C9009F227B /* BaseViewController.swift */; };
		3620E31628DB8BA3009F227B /* TabBarViewController.swift in Sources */ = {isa = PBXBuildFile; fileRef = 3620E31528DB8BA3009F227B /* TabBarViewController.swift */; };
		3620E31828DB8D98009F227B /* HomeViewController.swift in Sources */ = {isa = PBXBuildFile; fileRef = 3620E31728DB8D98009F227B /* HomeViewController.swift */; };
		3620E31A28DB8DE9009F227B /* HistoryViewController.swift in Sources */ = {isa = PBXBuildFile; fileRef = 3620E31928DB8DE9009F227B /* HistoryViewController.swift */; };
		3620E31C28DB9CCF009F227B /* GradientView.swift in Sources */ = {isa = PBXBuildFile; fileRef = 3620E31B28DB9CCF009F227B /* GradientView.swift */; };
		36B29B0528E0EBBE006C2F59 /* Int+Extension.swift in Sources */ = {isa = PBXBuildFile; fileRef = 36B29B0428E0EBBE006C2F59 /* Int+Extension.swift */; };
		36B29B0728E24A2E006C2F59 /* Double+Extension.swift in Sources */ = {isa = PBXBuildFile; fileRef = 36B29B0628E24A2E006C2F59 /* Double+Extension.swift */; };
		36B29B0928E38340006C2F59 /* HistoryTableViewCell.swift in Sources */ = {isa = PBXBuildFile; fileRef = 36B29B0828E38340006C2F59 /* HistoryTableViewCell.swift */; };
		36B29B0C28E39EE3006C2F59 /* Realm in Frameworks */ = {isa = PBXBuildFile; productRef = 36B29B0B28E39EE3006C2F59 /* Realm */; };
		36B29B0E28E39EE3006C2F59 /* RealmSwift in Frameworks */ = {isa = PBXBuildFile; productRef = 36B29B0D28E39EE3006C2F59 /* RealmSwift */; };
		36B29B1128E4DBC8006C2F59 /* Run.swift in Sources */ = {isa = PBXBuildFile; fileRef = 36B29B1028E4DBC8006C2F59 /* Run.swift */; };
		36B29B1328E4DFC7006C2F59 /* Location.swift in Sources */ = {isa = PBXBuildFile; fileRef = 36B29B1228E4DFC7006C2F59 /* Location.swift */; };
		36B29B1528E4E19D006C2F59 /* Constants.swift in Sources */ = {isa = PBXBuildFile; fileRef = 36B29B1428E4E19D006C2F59 /* Constants.swift */; };
		36B29B1728E6178C006C2F59 /* Date+Extension.swift in Sources */ = {isa = PBXBuildFile; fileRef = 36B29B1628E6178C006C2F59 /* Date+Extension.swift */; };
		36B29B1928E624F1006C2F59 /* View+Extension.swift in Sources */ = {isa = PBXBuildFile; fileRef = 36B29B1828E624F1006C2F59 /* View+Extension.swift */; };
/* End PBXBuildFile section */

/* Begin PBXFileReference section */
		360AD6F728DCE8DA006D1A33 /* CircularButton.swift */ = {isa = PBXFileReference; lastKnownFileType = sourcecode.swift; path = CircularButton.swift; sourceTree = "<group>"; };
		360AD6FA28DCEB5C006D1A33 /* LocationManager.swift */ = {isa = PBXFileReference; lastKnownFileType = sourcecode.swift; path = LocationManager.swift; sourceTree = "<group>"; };
		360AD6FC28DE46D8006D1A33 /* CurrentRunViewController.swift */ = {isa = PBXFileReference; lastKnownFileType = sourcecode.swift; path = CurrentRunViewController.swift; sourceTree = "<group>"; };
		3620E2F828DB7E9E009F227B /* Vastra.app */ = {isa = PBXFileReference; explicitFileType = wrapper.application; includeInIndex = 0; path = Vastra.app; sourceTree = BUILT_PRODUCTS_DIR; };
		3620E2FB28DB7E9E009F227B /* AppDelegate.swift */ = {isa = PBXFileReference; lastKnownFileType = sourcecode.swift; path = AppDelegate.swift; sourceTree = "<group>"; };
		3620E2FD28DB7E9E009F227B /* SceneDelegate.swift */ = {isa = PBXFileReference; lastKnownFileType = sourcecode.swift; path = SceneDelegate.swift; sourceTree = "<group>"; };
		3620E30428DB7EA0009F227B /* Assets.xcassets */ = {isa = PBXFileReference; lastKnownFileType = folder.assetcatalog; path = Assets.xcassets; sourceTree = "<group>"; };
		3620E30728DB7EA0009F227B /* Base */ = {isa = PBXFileReference; lastKnownFileType = file.storyboard; name = Base; path = Base.lproj/LaunchScreen.storyboard; sourceTree = "<group>"; };
		3620E30928DB7EA0009F227B /* Info.plist */ = {isa = PBXFileReference; lastKnownFileType = text.plist.xml; path = Info.plist; sourceTree = "<group>"; };
		3620E31328DB80C9009F227B /* BaseViewController.swift */ = {isa = PBXFileReference; lastKnownFileType = sourcecode.swift; path = BaseViewController.swift; sourceTree = "<group>"; };
		3620E31528DB8BA3009F227B /* TabBarViewController.swift */ = {isa = PBXFileReference; lastKnownFileType = sourcecode.swift; path = TabBarViewController.swift; sourceTree = "<group>"; };
		3620E31728DB8D98009F227B /* HomeViewController.swift */ = {isa = PBXFileReference; lastKnownFileType = sourcecode.swift; path = HomeViewController.swift; sourceTree = "<group>"; };
		3620E31928DB8DE9009F227B /* HistoryViewController.swift */ = {isa = PBXFileReference; lastKnownFileType = sourcecode.swift; path = HistoryViewController.swift; sourceTree = "<group>"; };
		3620E31B28DB9CCF009F227B /* GradientView.swift */ = {isa = PBXFileReference; lastKnownFileType = sourcecode.swift; path = GradientView.swift; sourceTree = "<group>"; };
		36B29B0428E0EBBE006C2F59 /* Int+Extension.swift */ = {isa = PBXFileReference; lastKnownFileType = sourcecode.swift; path = "Int+Extension.swift"; sourceTree = "<group>"; };
		36B29B0628E24A2E006C2F59 /* Double+Extension.swift */ = {isa = PBXFileReference; lastKnownFileType = sourcecode.swift; path = "Double+Extension.swift"; sourceTree = "<group>"; };
		36B29B0828E38340006C2F59 /* HistoryTableViewCell.swift */ = {isa = PBXFileReference; lastKnownFileType = sourcecode.swift; path = HistoryTableViewCell.swift; sourceTree = "<group>"; };
		36B29B1028E4DBC8006C2F59 /* Run.swift */ = {isa = PBXFileReference; lastKnownFileType = sourcecode.swift; path = Run.swift; sourceTree = "<group>"; };
		36B29B1228E4DFC7006C2F59 /* Location.swift */ = {isa = PBXFileReference; lastKnownFileType = sourcecode.swift; path = Location.swift; sourceTree = "<group>"; };
		36B29B1428E4E19D006C2F59 /* Constants.swift */ = {isa = PBXFileReference; lastKnownFileType = sourcecode.swift; path = Constants.swift; sourceTree = "<group>"; };
		36B29B1628E6178C006C2F59 /* Date+Extension.swift */ = {isa = PBXFileReference; lastKnownFileType = sourcecode.swift; path = "Date+Extension.swift"; sourceTree = "<group>"; };
		36B29B1828E624F1006C2F59 /* View+Extension.swift */ = {isa = PBXFileReference; lastKnownFileType = sourcecode.swift; path = "View+Extension.swift"; sourceTree = "<group>"; };
/* End PBXFileReference section */

/* Begin PBXFrameworksBuildPhase section */
		3620E2F528DB7E9E009F227B /* Frameworks */ = {
			isa = PBXFrameworksBuildPhase;
			buildActionMask = 2147483647;
			files = (
				36B29B0E28E39EE3006C2F59 /* RealmSwift in Frameworks */,
				36B29B0C28E39EE3006C2F59 /* Realm in Frameworks */,
			);
			runOnlyForDeploymentPostprocessing = 0;
		};
/* End PBXFrameworksBuildPhase section */

/* Begin PBXGroup section */
		360AD6F928DCEB49006D1A33 /* Managers */ = {
			isa = PBXGroup;
			children = (
				360AD6FA28DCEB5C006D1A33 /* LocationManager.swift */,
			);
			path = Managers;
			sourceTree = "<group>";
		};
		3620E2EF28DB7E9E009F227B = {
			isa = PBXGroup;
			children = (
				3620E2FA28DB7E9E009F227B /* Vastra */,
				3620E2F928DB7E9E009F227B /* Products */,
			);
			sourceTree = "<group>";
		};
		3620E2F928DB7E9E009F227B /* Products */ = {
			isa = PBXGroup;
			children = (
				3620E2F828DB7E9E009F227B /* Vastra.app */,
			);
			name = Products;
			sourceTree = "<group>";
		};
		3620E2FA28DB7E9E009F227B /* Vastra */ = {
			isa = PBXGroup;
			children = (
				36B29B0F28E4DBBC006C2F59 /* Models */,
				36B29B0328E0EBA6006C2F59 /* Extensions */,
				360AD6F928DCEB49006D1A33 /* Managers */,
				3620E31228DB8098009F227B /* ViewController's */,
				3620E31128DB808D009F227B /* Helper's */,
				3620E31028DB8085009F227B /* View's */,
				3620E30F28DB7EE0009F227B /* App */,
			);
			path = Vastra;
			sourceTree = "<group>";
		};
		3620E30F28DB7EE0009F227B /* App */ = {
			isa = PBXGroup;
			children = (
				3620E2FB28DB7E9E009F227B /* AppDelegate.swift */,
				3620E2FD28DB7E9E009F227B /* SceneDelegate.swift */,
				3620E30428DB7EA0009F227B /* Assets.xcassets */,
				3620E30628DB7EA0009F227B /* LaunchScreen.storyboard */,
				3620E30928DB7EA0009F227B /* Info.plist */,
			);
			path = App;
			sourceTree = "<group>";
		};
		3620E31028DB8085009F227B /* View's */ = {
			isa = PBXGroup;
			children = (
				3620E31B28DB9CCF009F227B /* GradientView.swift */,
				360AD6F728DCE8DA006D1A33 /* CircularButton.swift */,
				36B29B0828E38340006C2F59 /* HistoryTableViewCell.swift */,
			);
			path = "View's";
			sourceTree = "<group>";
		};
		3620E31128DB808D009F227B /* Helper's */ = {
			isa = PBXGroup;
			children = (
				36B29B1428E4E19D006C2F59 /* Constants.swift */,
			);
			path = "Helper's";
			sourceTree = "<group>";
		};
		3620E31228DB8098009F227B /* ViewController's */ = {
			isa = PBXGroup;
			children = (
				3620E31328DB80C9009F227B /* BaseViewController.swift */,
				3620E31528DB8BA3009F227B /* TabBarViewController.swift */,
				3620E31728DB8D98009F227B /* HomeViewController.swift */,
				3620E31928DB8DE9009F227B /* HistoryViewController.swift */,
				360AD6FC28DE46D8006D1A33 /* CurrentRunViewController.swift */,
			);
			path = "ViewController's";
			sourceTree = "<group>";
		};
		36B29B0328E0EBA6006C2F59 /* Extensions */ = {
			isa = PBXGroup;
			children = (
				36B29B0428E0EBBE006C2F59 /* Int+Extension.swift */,
				36B29B0628E24A2E006C2F59 /* Double+Extension.swift */,
				36B29B1628E6178C006C2F59 /* Date+Extension.swift */,
				36B29B1828E624F1006C2F59 /* View+Extension.swift */,
			);
			path = Extensions;
			sourceTree = "<group>";
		};
		36B29B0F28E4DBBC006C2F59 /* Models */ = {
			isa = PBXGroup;
			children = (
				36B29B1028E4DBC8006C2F59 /* Run.swift */,
				36B29B1228E4DFC7006C2F59 /* Location.swift */,
			);
			path = Models;
			sourceTree = "<group>";
		};
/* End PBXGroup section */

/* Begin PBXNativeTarget section */
		3620E2F728DB7E9E009F227B /* Vastra */ = {
			isa = PBXNativeTarget;
			buildConfigurationList = 3620E30C28DB7EA0009F227B /* Build configuration list for PBXNativeTarget "Vastra" */;
			buildPhases = (
				3620E2F428DB7E9E009F227B /* Sources */,
				3620E2F528DB7E9E009F227B /* Frameworks */,
				3620E2F628DB7E9E009F227B /* Resources */,
			);
			buildRules = (
			);
			dependencies = (
			);
			name = Vastra;
			packageProductDependencies = (
				36B29B0B28E39EE3006C2F59 /* Realm */,
				36B29B0D28E39EE3006C2F59 /* RealmSwift */,
			);
			productName = Vastra;
			productReference = 3620E2F828DB7E9E009F227B /* Vastra.app */;
			productType = "com.apple.product-type.application";
		};
/* End PBXNativeTarget section */

/* Begin PBXProject section */
		3620E2F028DB7E9E009F227B /* Project object */ = {
			isa = PBXProject;
			attributes = {
				BuildIndependentTargetsInParallel = 1;
				LastSwiftUpdateCheck = 1320;
				LastUpgradeCheck = 1320;
				TargetAttributes = {
					3620E2F728DB7E9E009F227B = {
						CreatedOnToolsVersion = 13.2.1;
					};
				};
			};
			buildConfigurationList = 3620E2F328DB7E9E009F227B /* Build configuration list for PBXProject "Vastra" */;
			compatibilityVersion = "Xcode 13.0";
			developmentRegion = en;
			hasScannedForEncodings = 0;
			knownRegions = (
				en,
				Base,
			);
			mainGroup = 3620E2EF28DB7E9E009F227B;
			packageReferences = (
				36B29B0A28E39EE3006C2F59 /* XCRemoteSwiftPackageReference "realm-swift" */,
			);
			productRefGroup = 3620E2F928DB7E9E009F227B /* Products */;
			projectDirPath = "";
			projectRoot = "";
			targets = (
				3620E2F728DB7E9E009F227B /* Vastra */,
			);
		};
/* End PBXProject section */

/* Begin PBXResourcesBuildPhase section */
		3620E2F628DB7E9E009F227B /* Resources */ = {
			isa = PBXResourcesBuildPhase;
			buildActionMask = 2147483647;
			files = (
				3620E30828DB7EA0009F227B /* LaunchScreen.storyboard in Resources */,
				3620E30528DB7EA0009F227B /* Assets.xcassets in Resources */,
			);
			runOnlyForDeploymentPostprocessing = 0;
		};
/* End PBXResourcesBuildPhase section */

/* Begin PBXSourcesBuildPhase section */
		3620E2F428DB7E9E009F227B /* Sources */ = {
			isa = PBXSourcesBuildPhase;
			buildActionMask = 2147483647;
			files = (
				360AD6F828DCE8DA006D1A33 /* CircularButton.swift in Sources */,
				3620E31828DB8D98009F227B /* HomeViewController.swift in Sources */,
				36B29B0928E38340006C2F59 /* HistoryTableViewCell.swift in Sources */,
				3620E31628DB8BA3009F227B /* TabBarViewController.swift in Sources */,
				3620E2FC28DB7E9E009F227B /* AppDelegate.swift in Sources */,
				36B29B1128E4DBC8006C2F59 /* Run.swift in Sources */,
				3620E31A28DB8DE9009F227B /* HistoryViewController.swift in Sources */,
				36B29B1528E4E19D006C2F59 /* Constants.swift in Sources */,
				36B29B1328E4DFC7006C2F59 /* Location.swift in Sources */,
				36B29B1728E6178C006C2F59 /* Date+Extension.swift in Sources */,
				36B29B0528E0EBBE006C2F59 /* Int+Extension.swift in Sources */,
				3620E31C28DB9CCF009F227B /* GradientView.swift in Sources */,
				360AD6FD28DE46D8006D1A33 /* CurrentRunViewController.swift in Sources */,
				36B29B0728E24A2E006C2F59 /* Double+Extension.swift in Sources */,
				3620E2FE28DB7E9E009F227B /* SceneDelegate.swift in Sources */,
				3620E31428DB80C9009F227B /* BaseViewController.swift in Sources */,
				36B29B1928E624F1006C2F59 /* View+Extension.swift in Sources */,
				360AD6FB28DCEB5C006D1A33 /* LocationManager.swift in Sources */,
			);
			runOnlyForDeploymentPostprocessing = 0;
		};
/* End PBXSourcesBuildPhase section */

/* Begin PBXVariantGroup section */
		3620E30628DB7EA0009F227B /* LaunchScreen.storyboard */ = {
			isa = PBXVariantGroup;
			children = (
				3620E30728DB7EA0009F227B /* Base */,
			);
			name = LaunchScreen.storyboard;
			sourceTree = "<group>";
		};
/* End PBXVariantGroup section */

/* Begin XCBuildConfiguration section */
		3620E30A28DB7EA0009F227B /* Debug */ = {
			isa = XCBuildConfiguration;
			buildSettings = {
				ALWAYS_SEARCH_USER_PATHS = NO;
				CLANG_ANALYZER_NONNULL = YES;
				CLANG_ANALYZER_NUMBER_OBJECT_CONVERSION = YES_AGGRESSIVE;
				CLANG_CXX_LANGUAGE_STANDARD = "gnu++17";
				CLANG_CXX_LIBRARY = "libc++";
				CLANG_ENABLE_MODULES = YES;
				CLANG_ENABLE_OBJC_ARC = YES;
				CLANG_ENABLE_OBJC_WEAK = YES;
				CLANG_WARN_BLOCK_CAPTURE_AUTORELEASING = YES;
				CLANG_WARN_BOOL_CONVERSION = YES;
				CLANG_WARN_COMMA = YES;
				CLANG_WARN_CONSTANT_CONVERSION = YES;
				CLANG_WARN_DEPRECATED_OBJC_IMPLEMENTATIONS = YES;
				CLANG_WARN_DIRECT_OBJC_ISA_USAGE = YES_ERROR;
				CLANG_WARN_DOCUMENTATION_COMMENTS = YES;
				CLANG_WARN_EMPTY_BODY = YES;
				CLANG_WARN_ENUM_CONVERSION = YES;
				CLANG_WARN_INFINITE_RECURSION = YES;
				CLANG_WARN_INT_CONVERSION = YES;
				CLANG_WARN_NON_LITERAL_NULL_CONVERSION = YES;
				CLANG_WARN_OBJC_IMPLICIT_RETAIN_SELF = YES;
				CLANG_WARN_OBJC_LITERAL_CONVERSION = YES;
				CLANG_WARN_OBJC_ROOT_CLASS = YES_ERROR;
				CLANG_WARN_QUOTED_INCLUDE_IN_FRAMEWORK_HEADER = YES;
				CLANG_WARN_RANGE_LOOP_ANALYSIS = YES;
				CLANG_WARN_STRICT_PROTOTYPES = YES;
				CLANG_WARN_SUSPICIOUS_MOVE = YES;
				CLANG_WARN_UNGUARDED_AVAILABILITY = YES_AGGRESSIVE;
				CLANG_WARN_UNREACHABLE_CODE = YES;
				CLANG_WARN__DUPLICATE_METHOD_MATCH = YES;
				COPY_PHASE_STRIP = NO;
				DEBUG_INFORMATION_FORMAT = dwarf;
				ENABLE_STRICT_OBJC_MSGSEND = YES;
				ENABLE_TESTABILITY = YES;
				GCC_C_LANGUAGE_STANDARD = gnu11;
				GCC_DYNAMIC_NO_PIC = NO;
				GCC_NO_COMMON_BLOCKS = YES;
				GCC_OPTIMIZATION_LEVEL = 0;
				GCC_PREPROCESSOR_DEFINITIONS = (
					"DEBUG=1",
					"$(inherited)",
				);
				GCC_WARN_64_TO_32_BIT_CONVERSION = YES;
				GCC_WARN_ABOUT_RETURN_TYPE = YES_ERROR;
				GCC_WARN_UNDECLARED_SELECTOR = YES;
				GCC_WARN_UNINITIALIZED_AUTOS = YES_AGGRESSIVE;
				GCC_WARN_UNUSED_FUNCTION = YES;
				GCC_WARN_UNUSED_VARIABLE = YES;
				IPHONEOS_DEPLOYMENT_TARGET = 15.2;
				MTL_ENABLE_DEBUG_INFO = INCLUDE_SOURCE;
				MTL_FAST_MATH = YES;
				ONLY_ACTIVE_ARCH = YES;
				SDKROOT = iphoneos;
				SWIFT_ACTIVE_COMPILATION_CONDITIONS = DEBUG;
				SWIFT_OPTIMIZATION_LEVEL = "-Onone";
			};
			name = Debug;
		};
		3620E30B28DB7EA0009F227B /* Release */ = {
			isa = XCBuildConfiguration;
			buildSettings = {
				ALWAYS_SEARCH_USER_PATHS = NO;
				CLANG_ANALYZER_NONNULL = YES;
				CLANG_ANALYZER_NUMBER_OBJECT_CONVERSION = YES_AGGRESSIVE;
				CLANG_CXX_LANGUAGE_STANDARD = "gnu++17";
				CLANG_CXX_LIBRARY = "libc++";
				CLANG_ENABLE_MODULES = YES;
				CLANG_ENABLE_OBJC_ARC = YES;
				CLANG_ENABLE_OBJC_WEAK = YES;
				CLANG_WARN_BLOCK_CAPTURE_AUTORELEASING = YES;
				CLANG_WARN_BOOL_CONVERSION = YES;
				CLANG_WARN_COMMA = YES;
				CLANG_WARN_CONSTANT_CONVERSION = YES;
				CLANG_WARN_DEPRECATED_OBJC_IMPLEMENTATIONS = YES;
				CLANG_WARN_DIRECT_OBJC_ISA_USAGE = YES_ERROR;
				CLANG_WARN_DOCUMENTATION_COMMENTS = YES;
				CLANG_WARN_EMPTY_BODY = YES;
				CLANG_WARN_ENUM_CONVERSION = YES;
				CLANG_WARN_INFINITE_RECURSION = YES;
				CLANG_WARN_INT_CONVERSION = YES;
				CLANG_WARN_NON_LITERAL_NULL_CONVERSION = YES;
				CLANG_WARN_OBJC_IMPLICIT_RETAIN_SELF = YES;
				CLANG_WARN_OBJC_LITERAL_CONVERSION = YES;
				CLANG_WARN_OBJC_ROOT_CLASS = YES_ERROR;
				CLANG_WARN_QUOTED_INCLUDE_IN_FRAMEWORK_HEADER = YES;
				CLANG_WARN_RANGE_LOOP_ANALYSIS = YES;
				CLANG_WARN_STRICT_PROTOTYPES = YES;
				CLANG_WARN_SUSPICIOUS_MOVE = YES;
				CLANG_WARN_UNGUARDED_AVAILABILITY = YES_AGGRESSIVE;
				CLANG_WARN_UNREACHABLE_CODE = YES;
				CLANG_WARN__DUPLICATE_METHOD_MATCH = YES;
				COPY_PHASE_STRIP = NO;
				DEBUG_INFORMATION_FORMAT = "dwarf-with-dsym";
				ENABLE_NS_ASSERTIONS = NO;
				ENABLE_STRICT_OBJC_MSGSEND = YES;
				GCC_C_LANGUAGE_STANDARD = gnu11;
				GCC_NO_COMMON_BLOCKS = YES;
				GCC_WARN_64_TO_32_BIT_CONVERSION = YES;
				GCC_WARN_ABOUT_RETURN_TYPE = YES_ERROR;
				GCC_WARN_UNDECLARED_SELECTOR = YES;
				GCC_WARN_UNINITIALIZED_AUTOS = YES_AGGRESSIVE;
				GCC_WARN_UNUSED_FUNCTION = YES;
				GCC_WARN_UNUSED_VARIABLE = YES;
				IPHONEOS_DEPLOYMENT_TARGET = 15.2;
				MTL_ENABLE_DEBUG_INFO = NO;
				MTL_FAST_MATH = YES;
				SDKROOT = iphoneos;
				SWIFT_COMPILATION_MODE = wholemodule;
				SWIFT_OPTIMIZATION_LEVEL = "-O";
				VALIDATE_PRODUCT = YES;
			};
			name = Release;
		};
		3620E30D28DB7EA0009F227B /* Debug */ = {
			isa = XCBuildConfiguration;
			buildSettings = {
				ASSETCATALOG_COMPILER_APPICON_NAME = AppIcon;
				ASSETCATALOG_COMPILER_GLOBAL_ACCENT_COLOR_NAME = AccentColor;
				CODE_SIGN_STYLE = Automatic;
				CURRENT_PROJECT_VERSION = 1;
				DEVELOPMENT_TEAM = CJ7JF497NG;
				GENERATE_INFOPLIST_FILE = YES;
				INFOPLIST_FILE = Vastra/App/Info.plist;
				INFOPLIST_KEY_UIApplicationSupportsIndirectInputEvents = YES;
				INFOPLIST_KEY_UILaunchStoryboardName = LaunchScreen;
				INFOPLIST_KEY_UIMainStoryboardFile = "";
				INFOPLIST_KEY_UISupportedInterfaceOrientations_iPad = "UIInterfaceOrientationPortrait UIInterfaceOrientationPortraitUpsideDown UIInterfaceOrientationLandscapeLeft UIInterfaceOrientationLandscapeRight";
				INFOPLIST_KEY_UISupportedInterfaceOrientations_iPhone = "UIInterfaceOrientationPortrait UIInterfaceOrientationLandscapeLeft UIInterfaceOrientationLandscapeRight";
				LD_RUNPATH_SEARCH_PATHS = (
					"$(inherited)",
					"@executable_path/Frameworks",
				);
				MARKETING_VERSION = 1.0;
				PRODUCT_BUNDLE_IDENTIFIER = com.example.Vastra;
				PRODUCT_NAME = "$(TARGET_NAME)";
				SWIFT_EMIT_LOC_STRINGS = YES;
				SWIFT_VERSION = 5.0;
				TARGETED_DEVICE_FAMILY = 1;
			};
			name = Debug;
		};
		3620E30E28DB7EA0009F227B /* Release */ = {
			isa = XCBuildConfiguration;
			buildSettings = {
				ASSETCATALOG_COMPILER_APPICON_NAME = AppIcon;
				ASSETCATALOG_COMPILER_GLOBAL_ACCENT_COLOR_NAME = AccentColor;
				CODE_SIGN_STYLE = Automatic;
				CURRENT_PROJECT_VERSION = 1;
				DEVELOPMENT_TEAM = CJ7JF497NG;
				GENERATE_INFOPLIST_FILE = YES;
				INFOPLIST_FILE = Vastra/App/Info.plist;
				INFOPLIST_KEY_UIApplicationSupportsIndirectInputEvents = YES;
				INFOPLIST_KEY_UILaunchStoryboardName = LaunchScreen;
				INFOPLIST_KEY_UIMainStoryboardFile = "";
				INFOPLIST_KEY_UISupportedInterfaceOrientations_iPad = "UIInterfaceOrientationPortrait UIInterfaceOrientationPortraitUpsideDown UIInterfaceOrientationLandscapeLeft UIInterfaceOrientationLandscapeRight";
				INFOPLIST_KEY_UISupportedInterfaceOrientations_iPhone = "UIInterfaceOrientationPortrait UIInterfaceOrientationLandscapeLeft UIInterfaceOrientationLandscapeRight";
				LD_RUNPATH_SEARCH_PATHS = (
					"$(inherited)",
					"@executable_path/Frameworks",
				);
				MARKETING_VERSION = 1.0;
				PRODUCT_BUNDLE_IDENTIFIER = com.example.Vastra;
				PRODUCT_NAME = "$(TARGET_NAME)";
				SWIFT_EMIT_LOC_STRINGS = YES;
				SWIFT_VERSION = 5.0;
				TARGETED_DEVICE_FAMILY = 1;
			};
			name = Release;
		};
/* End XCBuildConfiguration section */

/* Begin XCConfigurationList section */
		3620E2F328DB7E9E009F227B /* Build configuration list for PBXProject "Vastra" */ = {
			isa = XCConfigurationList;
			buildConfigurations = (
				3620E30A28DB7EA0009F227B /* Debug */,
				3620E30B28DB7EA0009F227B /* Release */,
			);
			defaultConfigurationIsVisible = 0;
			defaultConfigurationName = Release;
		};
		3620E30C28DB7EA0009F227B /* Build configuration list for PBXNativeTarget "Vastra" */ = {
			isa = XCConfigurationList;
			buildConfigurations = (
				3620E30D28DB7EA0009F227B /* Debug */,
				3620E30E28DB7EA0009F227B /* Release */,
			);
			defaultConfigurationIsVisible = 0;
			defaultConfigurationName = Release;
		};
/* End XCConfigurationList section */

/* Begin XCRemoteSwiftPackageReference section */
		36B29B0A28E39EE3006C2F59 /* XCRemoteSwiftPackageReference "realm-swift" */ = {
			isa = XCRemoteSwiftPackageReference;
			repositoryURL = "https://github.com/realm/realm-swift.git";
			requirement = {
				kind = upToNextMajorVersion;
				minimumVersion = 10.30.0;
			};
		};
/* End XCRemoteSwiftPackageReference section */

/* Begin XCSwiftPackageProductDependency section */
		36B29B0B28E39EE3006C2F59 /* Realm */ = {
			isa = XCSwiftPackageProductDependency;
			package = 36B29B0A28E39EE3006C2F59 /* XCRemoteSwiftPackageReference "realm-swift" */;
			productName = Realm;
		};
		36B29B0D28E39EE3006C2F59 /* RealmSwift */ = {
			isa = XCSwiftPackageProductDependency;
			package = 36B29B0A28E39EE3006C2F59 /* XCRemoteSwiftPackageReference "realm-swift" */;
			productName = RealmSwift;
		};
/* End XCSwiftPackageProductDependency section */
	};
	rootObject = 3620E2F028DB7E9E009F227B /* Project object */;
}
